<?xml version="1.0" encoding="utf-8"?>
<Project ToolsVersion="4.0" xmlns="http://schemas.microsoft.com/developer/msbuild/2003">
  <ItemGroup>
    <Filter Include="소스 파일">
      <UniqueIdentifier>{4FC737F1-C7A5-4376-A066-2A32D752A2FF}</UniqueIdentifier>
      <Extensions>cpp;c;cc;cxx;c++;cppm;ixx;def;odl;idl;hpj;bat;asm;asmx</Extensions>
    </Filter>
    <Filter Include="헤더 파일">
      <UniqueIdentifier>{93995380-89BD-4b04-88EB-625FBE52EBFB}</UniqueIdentifier>
      <Extensions>h;hh;hpp;hxx;h++;hm;inl;inc;ipp;xsd</Extensions>
    </Filter>
    <Filter Include="리소스 파일">
      <UniqueIdentifier>{67DA6AB6-F800-4c08-8B7A-83BB121AAD01}</UniqueIdentifier>
      <Extensions>rc;ico;cur;bmp;dlg;rc2;rct;bin;rgs;gif;jpg;jpeg;jpe;resx;tiff;tif;png;wav;mfcribbon-ms</Extensions>
    </Filter>
  </ItemGroup>
  <ItemGroup>
    <ClCompile Include="Console.c">
      <Filter>소스 파일</Filter>
    </ClCompile>
    <ClCompile Include="Font.c">
      <Filter>소스 파일</Filter>
    </ClCompile>
    <ClCompile Include="Graphics.c">
      <Filter>소스 파일</Filter>
    </ClCompile>
    <ClCompile Include="Heap.c">
      <Filter>소스 파일</Filter>
    </ClCompile>
    <ClCompile Include="Interrupt.c">
      <Filter>소스 파일</Filter>
    </ClCompile>
    <ClCompile Include="Main.c">
      <Filter>소스 파일</Filter>
    </ClCompile>
    <ClCompile Include="Math.c">
      <Filter>소스 파일</Filter>
    </ClCompile>
    <ClCompile Include="Memory.c">
      <Filter>소스 파일</Filter>
    </ClCompile>
    <ClCompile Include="MemoryManager.c">
      <Filter>소스 파일</Filter>
    </ClCompile>
    <ClCompile Include="PCI.c">
      <Filter>소스 파일</Filter>
    </ClCompile>
    <ClCompile Include="Segmentation.c">
      <Filter>소스 파일</Filter>
    </ClCompile>
    <ClCompile Include="String.c">
      <Filter>소스 파일</Filter>
    </ClCompile>
    <ClCompile Include="SystemConfiguration.c">
      <Filter>소스 파일</Filter>
    </ClCompile>
    <ClCompile Include="Task.c">
      <Filter>소스 파일</Filter>
    </ClCompile>
    <ClCompile Include="Timer.c">
      <Filter>소스 파일</Filter>
    </ClCompile>
    <ClCompile Include="ACPI.c">
      <Filter>소스 파일</Filter>
    </ClCompile>
    <ClCompile Include="Message.c">
      <Filter>소스 파일</Filter>
    </ClCompile>
  </ItemGroup>
  <ItemGroup>
    <ClInclude Include="PCI.h">
      <Filter>헤더 파일</Filter>
    </ClInclude>
    <ClInclude Include="Segmentation.h">
      <Filter>헤더 파일</Filter>
    </ClInclude>
    <ClInclude Include="String.h">
      <Filter>헤더 파일</Filter>
    </ClInclude>
    <ClInclude Include="SystemConfiguration.h">
      <Filter>헤더 파일</Filter>
    </ClInclude>
    <ClInclude Include="Task.h">
      <Filter>헤더 파일</Filter>
    </ClInclude>
    <ClInclude Include="Timer.h">
      <Filter>헤더 파일</Filter>
    </ClInclude>
    <ClInclude Include="Type.h">
      <Filter>헤더 파일</Filter>
    </ClInclude>
    <ClInclude Include="ACPI.h">
      <Filter>헤더 파일</Filter>
    </ClInclude>
    <ClInclude Include="AssemblyFunction.h">
      <Filter>헤더 파일</Filter>
    </ClInclude>
    <ClInclude Include="Console.h">
      <Filter>헤더 파일</Filter>
    </ClInclude>
    <ClInclude Include="Descriptor.h">
      <Filter>헤더 파일</Filter>
    </ClInclude>
    <ClInclude Include="Error.h">
      <Filter>헤더 파일</Filter>
    </ClInclude>
    <ClInclude Include="Graphics.h">
      <Filter>헤더 파일</Filter>
    </ClInclude>
    <ClInclude Include="Heap.h">
      <Filter>헤더 파일</Filter>
    </ClInclude>
    <ClInclude Include="Interrupt.h">
      <Filter>헤더 파일</Filter>
    </ClInclude>
    <ClInclude Include="Main.h">
      <Filter>헤더 파일</Filter>
    </ClInclude>
    <ClInclude Include="Math.h">
      <Filter>헤더 파일</Filter>
    </ClInclude>
    <ClInclude Include="Memory.h">
      <Filter>헤더 파일</Filter>
    </ClInclude>
    <ClInclude Include="MemoryManager.h">
      <Filter>헤더 파일</Filter>
    </ClInclude>
    <ClInclude Include="Message.h">
      <Filter>헤더 파일</Filter>
    </ClInclude>
  </ItemGroup>
  <ItemGroup>
    <MASM Include="AssemblyFunction.asm">
      <Filter>소스 파일</Filter>
    </MASM>
  </ItemGroup>
</Project>